
Microsoft Visual Studio Solution File, Format Version 12.00
# Visual Studio Version 16
VisualStudioVersion = 16.0.31129.286
MinimumVisualStudioVersion = 10.0.40219.1
Project("{FAE04EC0-301F-11D3-BF4B-00C04F79EFBC}") = "WindowsFormsApp1", "WindowsFormsApp1\WindowsFormsApp1.csproj", "{5B167449-FB25-47F7-870F-0D1E6C2B5D19}"
EndProject
Global
	GlobalSection(SolutionConfigurationPlatforms) = preSolution
		Debug|Any CPU = Debug|Any CPU
		Release|Any CPU = Release|Any CPU
	EndGlobalSection
	GlobalSection(ProjectConfigurationPlatforms) = postSolution
		{5B167449-FB25-47F7-870F-0D1E6C2B5D19}.Debug|Any CPU.ActiveCfg = Debug|Any CPU
		{5B167449-FB25-47F7-870F-0D1E6C2B5D19}.Debug|Any CPU.Build.0 = Debug|Any CPU
		{5B167449-FB25-47F7-870F-0D1E6C2B5D19}.Release|Any CPU.ActiveCfg = Release|Any CPU
		{5B167449-FB25-47F7-870F-0D1E6C2B5D19}.Release|Any CPU.Build.0 = Release|Any CPU
	EndGlobalSection
	GlobalSection(SolutionProperties) = preSolution
		HideSolutionNode = FALSE
	EndGlobalSection
	GlobalSection(ExtensibilityGlobals) = postSolution
		SolutionGuid = {A4256CC1-AAAE-4E47-9E62-92FB4E12E8B8}
	EndGlobalSection
EndGlobal
